// !$*UTF8*$!
{
	archiveVersion = 1;
	classes = {
	};
	objectVersion = 56;
	objects = {

/* Begin PBXBuildFile section */
		8721DB3E2ABCF6A600654523 /* LocationWeatherView.swift in Sources */ = {isa = PBXBuildFile; fileRef = 8721DB3D2ABCF6A600654523 /* LocationWeatherView.swift */; };
		8721DB412ABDFF0900654523 /* WeatherTileView.swift in Sources */ = {isa = PBXBuildFile; fileRef = 8721DB402ABDFF0900654523 /* WeatherTileView.swift */; };
		8721DB442ABDFFD400654523 /* ShimmerEffectAnimationView.swift in Sources */ = {isa = PBXBuildFile; fileRef = 8721DB432ABDFFD400654523 /* ShimmerEffectAnimationView.swift */; };
		8721DB462ABE006B00654523 /* ForecastDiscussionView.swift in Sources */ = {isa = PBXBuildFile; fileRef = 8721DB452ABE006B00654523 /* ForecastDiscussionView.swift */; };
		8721DB482ABE10C000654523 /* SettingsView.swift in Sources */ = {isa = PBXBuildFile; fileRef = 8721DB472ABE10C000654523 /* SettingsView.swift */; };
		876686BE2ABFA0F500AFA2F4 /* HourlyForecastTileView.swift in Sources */ = {isa = PBXBuildFile; fileRef = 876686BD2ABFA0F500AFA2F4 /* HourlyForecastTileView.swift */; };
		877F15BF2AB381FA00B3AFC2 /* NWSWeatherApp.swift in Sources */ = {isa = PBXBuildFile; fileRef = 877F15BE2AB381FA00B3AFC2 /* NWSWeatherApp.swift */; };
		877F15C32AB381FB00B3AFC2 /* Assets.xcassets in Resources */ = {isa = PBXBuildFile; fileRef = 877F15C22AB381FB00B3AFC2 /* Assets.xcassets */; };
		877F15C72AB381FB00B3AFC2 /* Preview Assets.xcassets in Resources */ = {isa = PBXBuildFile; fileRef = 877F15C62AB381FB00B3AFC2 /* Preview Assets.xcassets */; };
		879270BD2AB9FC9C004AC834 /* NewLocationView.swift in Sources */ = {isa = PBXBuildFile; fileRef = 879270BC2AB9FC9C004AC834 /* NewLocationView.swift */; };
		87A9390D2AB4AA8500EE4E21 /* AppView.swift in Sources */ = {isa = PBXBuildFile; fileRef = 87A9390C2AB4AA8500EE4E21 /* AppView.swift */; };
		87A939102AB4B84900EE4E21 /* UserLocationManager.swift in Sources */ = {isa = PBXBuildFile; fileRef = 87A9390F2AB4B84900EE4E21 /* UserLocationManager.swift */; };
		87A939122AB4B85A00EE4E21 /* LocationSearchManager.swift in Sources */ = {isa = PBXBuildFile; fileRef = 87A939112AB4B85A00EE4E21 /* LocationSearchManager.swift */; };
		87A939162AB4BC1D00EE4E21 /* ViewDataModels.swift in Sources */ = {isa = PBXBuildFile; fileRef = 87A939152AB4BC1D00EE4E21 /* ViewDataModels.swift */; };
		87A939182AB4BC4400EE4E21 /* DataManager.swift in Sources */ = {isa = PBXBuildFile; fileRef = 87A939172AB4BC4400EE4E21 /* DataManager.swift */; };
		87A9391A2AB4BDE100EE4E21 /* ApiDataModels.swift in Sources */ = {isa = PBXBuildFile; fileRef = 87A939192AB4BDE100EE4E21 /* ApiDataModels.swift */; };
		87A9391C2AB8D65100EE4E21 /* LocationsHomeView.swift in Sources */ = {isa = PBXBuildFile; fileRef = 87A9391B2AB8D65100EE4E21 /* LocationsHomeView.swift */; };
		87A9391E2AB8D87B00EE4E21 /* LocationSearchResultsView.swift in Sources */ = {isa = PBXBuildFile; fileRef = 87A9391D2AB8D87B00EE4E21 /* LocationSearchResultsView.swift */; };
		87A939202AB8D9A800EE4E21 /* LocationListRowView.swift in Sources */ = {isa = PBXBuildFile; fileRef = 87A9391F2AB8D9A800EE4E21 /* LocationListRowView.swift */; };
		87DFA8262AC20BBB00D7BA45 /* LocationListTileView.swift in Sources */ = {isa = PBXBuildFile; fileRef = 87DFA8252AC20BBB00D7BA45 /* LocationListTileView.swift */; };
/* End PBXBuildFile section */

/* Begin PBXFileReference section */
		8721DB3D2ABCF6A600654523 /* LocationWeatherView.swift */ = {isa = PBXFileReference; lastKnownFileType = sourcecode.swift; path = LocationWeatherView.swift; sourceTree = "<group>"; };
		8721DB402ABDFF0900654523 /* WeatherTileView.swift */ = {isa = PBXFileReference; lastKnownFileType = sourcecode.swift; path = WeatherTileView.swift; sourceTree = "<group>"; };
		8721DB432ABDFFD400654523 /* ShimmerEffectAnimationView.swift */ = {isa = PBXFileReference; lastKnownFileType = sourcecode.swift; path = ShimmerEffectAnimationView.swift; sourceTree = "<group>"; };
		8721DB452ABE006B00654523 /* ForecastDiscussionView.swift */ = {isa = PBXFileReference; lastKnownFileType = sourcecode.swift; path = ForecastDiscussionView.swift; sourceTree = "<group>"; };
		8721DB472ABE10C000654523 /* SettingsView.swift */ = {isa = PBXFileReference; lastKnownFileType = sourcecode.swift; path = SettingsView.swift; sourceTree = "<group>"; };
		876686BD2ABFA0F500AFA2F4 /* HourlyForecastTileView.swift */ = {isa = PBXFileReference; lastKnownFileType = sourcecode.swift; path = HourlyForecastTileView.swift; sourceTree = "<group>"; };
		877F15BB2AB381FA00B3AFC2 /* NWSWeather.app */ = {isa = PBXFileReference; explicitFileType = wrapper.application; includeInIndex = 0; path = NWSWeather.app; sourceTree = BUILT_PRODUCTS_DIR; };
		877F15BE2AB381FA00B3AFC2 /* NWSWeatherApp.swift */ = {isa = PBXFileReference; lastKnownFileType = sourcecode.swift; path = NWSWeatherApp.swift; sourceTree = "<group>"; };
		877F15C22AB381FB00B3AFC2 /* Assets.xcassets */ = {isa = PBXFileReference; lastKnownFileType = folder.assetcatalog; path = Assets.xcassets; sourceTree = "<group>"; };
		877F15C42AB381FB00B3AFC2 /* NWSWeather.entitlements */ = {isa = PBXFileReference; lastKnownFileType = text.plist.entitlements; path = NWSWeather.entitlements; sourceTree = "<group>"; };
		877F15C62AB381FB00B3AFC2 /* Preview Assets.xcassets */ = {isa = PBXFileReference; lastKnownFileType = folder.assetcatalog; path = "Preview Assets.xcassets"; sourceTree = "<group>"; };
		879270BC2AB9FC9C004AC834 /* NewLocationView.swift */ = {isa = PBXFileReference; lastKnownFileType = sourcecode.swift; path = NewLocationView.swift; sourceTree = "<group>"; };
		87A9390C2AB4AA8500EE4E21 /* AppView.swift */ = {isa = PBXFileReference; lastKnownFileType = sourcecode.swift; path = AppView.swift; sourceTree = "<group>"; };
		87A9390F2AB4B84900EE4E21 /* UserLocationManager.swift */ = {isa = PBXFileReference; lastKnownFileType = sourcecode.swift; path = UserLocationManager.swift; sourceTree = "<group>"; };
		87A939112AB4B85A00EE4E21 /* LocationSearchManager.swift */ = {isa = PBXFileReference; lastKnownFileType = sourcecode.swift; path = LocationSearchManager.swift; sourceTree = "<group>"; };
		87A939152AB4BC1D00EE4E21 /* ViewDataModels.swift */ = {isa = PBXFileReference; lastKnownFileType = sourcecode.swift; path = ViewDataModels.swift; sourceTree = "<group>"; };
		87A939172AB4BC4400EE4E21 /* DataManager.swift */ = {isa = PBXFileReference; lastKnownFileType = sourcecode.swift; path = DataManager.swift; sourceTree = "<group>"; };
		87A939192AB4BDE100EE4E21 /* ApiDataModels.swift */ = {isa = PBXFileReference; lastKnownFileType = sourcecode.swift; path = ApiDataModels.swift; sourceTree = "<group>"; };
		87A9391B2AB8D65100EE4E21 /* LocationsHomeView.swift */ = {isa = PBXFileReference; lastKnownFileType = sourcecode.swift; path = LocationsHomeView.swift; sourceTree = "<group>"; };
		87A9391D2AB8D87B00EE4E21 /* LocationSearchResultsView.swift */ = {isa = PBXFileReference; lastKnownFileType = sourcecode.swift; path = LocationSearchResultsView.swift; sourceTree = "<group>"; };
		87A9391F2AB8D9A800EE4E21 /* LocationListRowView.swift */ = {isa = PBXFileReference; lastKnownFileType = sourcecode.swift; path = LocationListRowView.swift; sourceTree = "<group>"; };
		87DFA8252AC20BBB00D7BA45 /* LocationListTileView.swift */ = {isa = PBXFileReference; lastKnownFileType = sourcecode.swift; path = LocationListTileView.swift; sourceTree = "<group>"; };
/* End PBXFileReference section */

/* Begin PBXFrameworksBuildPhase section */
		877F15B82AB381FA00B3AFC2 /* Frameworks */ = {
			isa = PBXFrameworksBuildPhase;
			buildActionMask = 2147483647;
			files = (
			);
			runOnlyForDeploymentPostprocessing = 0;
		};
/* End PBXFrameworksBuildPhase section */

/* Begin PBXGroup section */
		8721DB3F2ABDFEE900654523 /* LocationSearchViews */ = {
			isa = PBXGroup;
			children = (
				87A9391D2AB8D87B00EE4E21 /* LocationSearchResultsView.swift */,
				879270BC2AB9FC9C004AC834 /* NewLocationView.swift */,
			);
			path = LocationSearchViews;
			sourceTree = "<group>";
		};
		8721DB422ABDFFB300654523 /* PlaceholderViews */ = {
			isa = PBXGroup;
			children = (
				8721DB432ABDFFD400654523 /* ShimmerEffectAnimationView.swift */,
			);
			path = PlaceholderViews;
			sourceTree = "<group>";
		};
		877F15B22AB381FA00B3AFC2 = {
			isa = PBXGroup;
			children = (
				877F15BD2AB381FA00B3AFC2 /* NWSWeather */,
				877F15BC2AB381FA00B3AFC2 /* Products */,
			);
			sourceTree = "<group>";
		};
		877F15BC2AB381FA00B3AFC2 /* Products */ = {
			isa = PBXGroup;
			children = (
				877F15BB2AB381FA00B3AFC2 /* NWSWeather.app */,
			);
			name = Products;
			sourceTree = "<group>";
		};
		877F15BD2AB381FA00B3AFC2 /* NWSWeather */ = {
			isa = PBXGroup;
			children = (
				877F15BE2AB381FA00B3AFC2 /* NWSWeatherApp.swift */,
				87A9390C2AB4AA8500EE4E21 /* AppView.swift */,
				87A939142AB4BC0D00EE4E21 /* Views */,
				87A939132AB4BBFE00EE4E21 /* DataManagement */,
				87A9390E2AB4B81500EE4E21 /* LocationManagement */,
				877F15C22AB381FB00B3AFC2 /* Assets.xcassets */,
				877F15C42AB381FB00B3AFC2 /* NWSWeather.entitlements */,
				877F15C52AB381FB00B3AFC2 /* Preview Content */,
			);
			path = NWSWeather;
			sourceTree = "<group>";
		};
		877F15C52AB381FB00B3AFC2 /* Preview Content */ = {
			isa = PBXGroup;
			children = (
				877F15C62AB381FB00B3AFC2 /* Preview Assets.xcassets */,
			);
			path = "Preview Content";
			sourceTree = "<group>";
		};
		87A9390E2AB4B81500EE4E21 /* LocationManagement */ = {
			isa = PBXGroup;
			children = (
				87A9390F2AB4B84900EE4E21 /* UserLocationManager.swift */,
				87A939112AB4B85A00EE4E21 /* LocationSearchManager.swift */,
			);
			path = LocationManagement;
			sourceTree = "<group>";
		};
		87A939132AB4BBFE00EE4E21 /* DataManagement */ = {
			isa = PBXGroup;
			children = (
				87A939172AB4BC4400EE4E21 /* DataManager.swift */,
				87A939152AB4BC1D00EE4E21 /* ViewDataModels.swift */,
				87A939192AB4BDE100EE4E21 /* ApiDataModels.swift */,
			);
			path = DataManagement;
			sourceTree = "<group>";
		};
		87A939142AB4BC0D00EE4E21 /* Views */ = {
			isa = PBXGroup;
			children = (
				87A9391B2AB8D65100EE4E21 /* LocationsHomeView.swift */,
				87A9391F2AB8D9A800EE4E21 /* LocationListRowView.swift */,
				87DFA8252AC20BBB00D7BA45 /* LocationListTileView.swift */,
				8721DB3D2ABCF6A600654523 /* LocationWeatherView.swift */,
				8721DB402ABDFF0900654523 /* WeatherTileView.swift */,
				876686BD2ABFA0F500AFA2F4 /* HourlyForecastTileView.swift */,
				8721DB452ABE006B00654523 /* ForecastDiscussionView.swift */,
				8721DB472ABE10C000654523 /* SettingsView.swift */,
				8721DB3F2ABDFEE900654523 /* LocationSearchViews */,
				8721DB422ABDFFB300654523 /* PlaceholderViews */,
			);
			path = Views;
			sourceTree = "<group>";
		};
/* End PBXGroup section */

/* Begin PBXNativeTarget section */
		877F15BA2AB381FA00B3AFC2 /* NWSWeather */ = {
			isa = PBXNativeTarget;
			buildConfigurationList = 877F15CA2AB381FB00B3AFC2 /* Build configuration list for PBXNativeTarget "NWSWeather" */;
			buildPhases = (
				877F15B72AB381FA00B3AFC2 /* Sources */,
				877F15B82AB381FA00B3AFC2 /* Frameworks */,
				877F15B92AB381FA00B3AFC2 /* Resources */,
			);
			buildRules = (
			);
			dependencies = (
			);
			name = NWSWeather;
			productName = NWSWeather;
			productReference = 877F15BB2AB381FA00B3AFC2 /* NWSWeather.app */;
			productType = "com.apple.product-type.application";
		};
/* End PBXNativeTarget section */

/* Begin PBXProject section */
		877F15B32AB381FA00B3AFC2 /* Project object */ = {
			isa = PBXProject;
			attributes = {
				BuildIndependentTargetsInParallel = 1;
				LastSwiftUpdateCheck = 1500;
				LastUpgradeCheck = 1500;
				TargetAttributes = {
					877F15BA2AB381FA00B3AFC2 = {
						CreatedOnToolsVersion = 15.0;
					};
				};
			};
			buildConfigurationList = 877F15B62AB381FA00B3AFC2 /* Build configuration list for PBXProject "NWSWeather" */;
			compatibilityVersion = "Xcode 14.0";
			developmentRegion = en;
			hasScannedForEncodings = 0;
			knownRegions = (
				en,
				Base,
			);
			mainGroup = 877F15B22AB381FA00B3AFC2;
			productRefGroup = 877F15BC2AB381FA00B3AFC2 /* Products */;
			projectDirPath = "";
			projectRoot = "";
			targets = (
				877F15BA2AB381FA00B3AFC2 /* NWSWeather */,
			);
		};
/* End PBXProject section */

/* Begin PBXResourcesBuildPhase section */
		877F15B92AB381FA00B3AFC2 /* Resources */ = {
			isa = PBXResourcesBuildPhase;
			buildActionMask = 2147483647;
			files = (
				877F15C72AB381FB00B3AFC2 /* Preview Assets.xcassets in Resources */,
				877F15C32AB381FB00B3AFC2 /* Assets.xcassets in Resources */,
			);
			runOnlyForDeploymentPostprocessing = 0;
		};
/* End PBXResourcesBuildPhase section */

/* Begin PBXSourcesBuildPhase section */
		877F15B72AB381FA00B3AFC2 /* Sources */ = {
			isa = PBXSourcesBuildPhase;
			buildActionMask = 2147483647;
			files = (
				8721DB3E2ABCF6A600654523 /* LocationWeatherView.swift in Sources */,
				879270BD2AB9FC9C004AC834 /* NewLocationView.swift in Sources */,
				87A9391A2AB4BDE100EE4E21 /* ApiDataModels.swift in Sources */,
				87A939122AB4B85A00EE4E21 /* LocationSearchManager.swift in Sources */,
				8721DB462ABE006B00654523 /* ForecastDiscussionView.swift in Sources */,
				87A9391C2AB8D65100EE4E21 /* LocationsHomeView.swift in Sources */,
				87A939182AB4BC4400EE4E21 /* DataManager.swift in Sources */,
				87DFA8262AC20BBB00D7BA45 /* LocationListTileView.swift in Sources */,
				8721DB442ABDFFD400654523 /* ShimmerEffectAnimationView.swift in Sources */,
				8721DB412ABDFF0900654523 /* WeatherTileView.swift in Sources */,
				8721DB482ABE10C000654523 /* SettingsView.swift in Sources */,
				877F15BF2AB381FA00B3AFC2 /* NWSWeatherApp.swift in Sources */,
				87A939162AB4BC1D00EE4E21 /* ViewDataModels.swift in Sources */,
				87A939202AB8D9A800EE4E21 /* LocationListRowView.swift in Sources */,
				87A9390D2AB4AA8500EE4E21 /* AppView.swift in Sources */,
				876686BE2ABFA0F500AFA2F4 /* HourlyForecastTileView.swift in Sources */,
				87A939102AB4B84900EE4E21 /* UserLocationManager.swift in Sources */,
				87A9391E2AB8D87B00EE4E21 /* LocationSearchResultsView.swift in Sources */,
			);
			runOnlyForDeploymentPostprocessing = 0;
		};
/* End PBXSourcesBuildPhase section */

/* Begin XCBuildConfiguration section */
		877F15C82AB381FB00B3AFC2 /* Debug */ = {
			isa = XCBuildConfiguration;
			buildSettings = {
				ALWAYS_SEARCH_USER_PATHS = NO;
				ASSETCATALOG_COMPILER_GENERATE_SWIFT_ASSET_SYMBOL_EXTENSIONS = YES;
				CLANG_ANALYZER_NONNULL = YES;
				CLANG_ANALYZER_NUMBER_OBJECT_CONVERSION = YES_AGGRESSIVE;
				CLANG_CXX_LANGUAGE_STANDARD = "gnu++20";
				CLANG_ENABLE_MODULES = YES;
				CLANG_ENABLE_OBJC_ARC = YES;
				CLANG_ENABLE_OBJC_WEAK = YES;
				CLANG_WARN_BLOCK_CAPTURE_AUTORELEASING = YES;
				CLANG_WARN_BOOL_CONVERSION = YES;
				CLANG_WARN_COMMA = YES;
				CLANG_WARN_CONSTANT_CONVERSION = YES;
				CLANG_WARN_DEPRECATED_OBJC_IMPLEMENTATIONS = YES;
				CLANG_WARN_DIRECT_OBJC_ISA_USAGE = YES_ERROR;
				CLANG_WARN_DOCUMENTATION_COMMENTS = YES;
				CLANG_WARN_EMPTY_BODY = YES;
				CLANG_WARN_ENUM_CONVERSION = YES;
				CLANG_WARN_INFINITE_RECURSION = YES;
				CLANG_WARN_INT_CONVERSION = YES;
				CLANG_WARN_NON_LITERAL_NULL_CONVERSION = YES;
				CLANG_WARN_OBJC_IMPLICIT_RETAIN_SELF = YES;
				CLANG_WARN_OBJC_LITERAL_CONVERSION = YES;
				CLANG_WARN_OBJC_ROOT_CLASS = YES_ERROR;
				CLANG_WARN_QUOTED_INCLUDE_IN_FRAMEWORK_HEADER = YES;
				CLANG_WARN_RANGE_LOOP_ANALYSIS = YES;
				CLANG_WARN_STRICT_PROTOTYPES = YES;
				CLANG_WARN_SUSPICIOUS_MOVE = YES;
				CLANG_WARN_UNGUARDED_AVAILABILITY = YES_AGGRESSIVE;
				CLANG_WARN_UNREACHABLE_CODE = YES;
				CLANG_WARN__DUPLICATE_METHOD_MATCH = YES;
				COPY_PHASE_STRIP = NO;
				DEBUG_INFORMATION_FORMAT = dwarf;
				ENABLE_STRICT_OBJC_MSGSEND = YES;
				ENABLE_TESTABILITY = YES;
				ENABLE_USER_SCRIPT_SANDBOXING = YES;
				GCC_C_LANGUAGE_STANDARD = gnu17;
				GCC_DYNAMIC_NO_PIC = NO;
				GCC_NO_COMMON_BLOCKS = YES;
				GCC_OPTIMIZATION_LEVEL = 0;
				GCC_PREPROCESSOR_DEFINITIONS = (
					"DEBUG=1",
					"$(inherited)",
				);
				GCC_WARN_64_TO_32_BIT_CONVERSION = YES;
				GCC_WARN_ABOUT_RETURN_TYPE = YES_ERROR;
				GCC_WARN_UNDECLARED_SELECTOR = YES;
				GCC_WARN_UNINITIALIZED_AUTOS = YES_AGGRESSIVE;
				GCC_WARN_UNUSED_FUNCTION = YES;
				GCC_WARN_UNUSED_VARIABLE = YES;
				LOCALIZATION_PREFERS_STRING_CATALOGS = YES;
				MTL_ENABLE_DEBUG_INFO = INCLUDE_SOURCE;
				MTL_FAST_MATH = YES;
				ONLY_ACTIVE_ARCH = YES;
				SWIFT_ACTIVE_COMPILATION_CONDITIONS = "DEBUG $(inherited)";
				SWIFT_OPTIMIZATION_LEVEL = "-Onone";
			};
			name = Debug;
		};
		877F15C92AB381FB00B3AFC2 /* Release */ = {
			isa = XCBuildConfiguration;
			buildSettings = {
				ALWAYS_SEARCH_USER_PATHS = NO;
				ASSETCATALOG_COMPILER_GENERATE_SWIFT_ASSET_SYMBOL_EXTENSIONS = YES;
				CLANG_ANALYZER_NONNULL = YES;
				CLANG_ANALYZER_NUMBER_OBJECT_CONVERSION = YES_AGGRESSIVE;
				CLANG_CXX_LANGUAGE_STANDARD = "gnu++20";
				CLANG_ENABLE_MODULES = YES;
				CLANG_ENABLE_OBJC_ARC = YES;
				CLANG_ENABLE_OBJC_WEAK = YES;
				CLANG_WARN_BLOCK_CAPTURE_AUTORELEASING = YES;
				CLANG_WARN_BOOL_CONVERSION = YES;
				CLANG_WARN_COMMA = YES;
				CLANG_WARN_CONSTANT_CONVERSION = YES;
				CLANG_WARN_DEPRECATED_OBJC_IMPLEMENTATIONS = YES;
				CLANG_WARN_DIRECT_OBJC_ISA_USAGE = YES_ERROR;
				CLANG_WARN_DOCUMENTATION_COMMENTS = YES;
				CLANG_WARN_EMPTY_BODY = YES;
				CLANG_WARN_ENUM_CONVERSION = YES;
				CLANG_WARN_INFINITE_RECURSION = YES;
				CLANG_WARN_INT_CONVERSION = YES;
				CLANG_WARN_NON_LITERAL_NULL_CONVERSION = YES;
				CLANG_WARN_OBJC_IMPLICIT_RETAIN_SELF = YES;
				CLANG_WARN_OBJC_LITERAL_CONVERSION = YES;
				CLANG_WARN_OBJC_ROOT_CLASS = YES_ERROR;
				CLANG_WARN_QUOTED_INCLUDE_IN_FRAMEWORK_HEADER = YES;
				CLANG_WARN_RANGE_LOOP_ANALYSIS = YES;
				CLANG_WARN_STRICT_PROTOTYPES = YES;
				CLANG_WARN_SUSPICIOUS_MOVE = YES;
				CLANG_WARN_UNGUARDED_AVAILABILITY = YES_AGGRESSIVE;
				CLANG_WARN_UNREACHABLE_CODE = YES;
				CLANG_WARN__DUPLICATE_METHOD_MATCH = YES;
				COPY_PHASE_STRIP = NO;
				DEBUG_INFORMATION_FORMAT = "dwarf-with-dsym";
				ENABLE_NS_ASSERTIONS = NO;
				ENABLE_STRICT_OBJC_MSGSEND = YES;
				ENABLE_USER_SCRIPT_SANDBOXING = YES;
				GCC_C_LANGUAGE_STANDARD = gnu17;
				GCC_NO_COMMON_BLOCKS = YES;
				GCC_WARN_64_TO_32_BIT_CONVERSION = YES;
				GCC_WARN_ABOUT_RETURN_TYPE = YES_ERROR;
				GCC_WARN_UNDECLARED_SELECTOR = YES;
				GCC_WARN_UNINITIALIZED_AUTOS = YES_AGGRESSIVE;
				GCC_WARN_UNUSED_FUNCTION = YES;
				GCC_WARN_UNUSED_VARIABLE = YES;
				LOCALIZATION_PREFERS_STRING_CATALOGS = YES;
				MTL_ENABLE_DEBUG_INFO = NO;
				MTL_FAST_MATH = YES;
				SWIFT_COMPILATION_MODE = wholemodule;
			};
			name = Release;
		};
		877F15CB2AB381FB00B3AFC2 /* Debug */ = {
			isa = XCBuildConfiguration;
			buildSettings = {
				ASSETCATALOG_COMPILER_APPICON_NAME = AppIcon;
				ASSETCATALOG_COMPILER_GLOBAL_ACCENT_COLOR_NAME = AccentColor;
				CODE_SIGN_ENTITLEMENTS = NWSWeather/NWSWeather.entitlements;
				CODE_SIGN_STYLE = Automatic;
				CURRENT_PROJECT_VERSION = 1;
				DEVELOPMENT_ASSET_PATHS = "\"NWSWeather/Preview Content\"";
				DEVELOPMENT_TEAM = 33MAXP8MNQ;
				ENABLE_HARDENED_RUNTIME = YES;
				ENABLE_PREVIEWS = YES;
				GENERATE_INFOPLIST_FILE = YES;
				INFOPLIST_KEY_NSLocationWhenInUseUsageDescription = "To get the weather for your location.";
				"INFOPLIST_KEY_UIApplicationSceneManifest_Generation[sdk=iphoneos*]" = YES;
				"INFOPLIST_KEY_UIApplicationSceneManifest_Generation[sdk=iphonesimulator*]" = YES;
				"INFOPLIST_KEY_UIApplicationSupportsIndirectInputEvents[sdk=iphoneos*]" = YES;
				"INFOPLIST_KEY_UIApplicationSupportsIndirectInputEvents[sdk=iphonesimulator*]" = YES;
				"INFOPLIST_KEY_UILaunchScreen_Generation[sdk=iphoneos*]" = YES;
				"INFOPLIST_KEY_UILaunchScreen_Generation[sdk=iphonesimulator*]" = YES;
				"INFOPLIST_KEY_UIStatusBarStyle[sdk=iphoneos*]" = UIStatusBarStyleDefault;
				"INFOPLIST_KEY_UIStatusBarStyle[sdk=iphonesimulator*]" = UIStatusBarStyleDefault;
				INFOPLIST_KEY_UISupportedInterfaceOrientations_iPad = "UIInterfaceOrientationPortrait UIInterfaceOrientationPortraitUpsideDown UIInterfaceOrientationLandscapeLeft UIInterfaceOrientationLandscapeRight";
				INFOPLIST_KEY_UISupportedInterfaceOrientations_iPhone = "UIInterfaceOrientationPortrait UIInterfaceOrientationLandscapeLeft UIInterfaceOrientationLandscapeRight";
				IPHONEOS_DEPLOYMENT_TARGET = 17.0;
				LD_RUNPATH_SEARCH_PATHS = "@executable_path/Frameworks";
				"LD_RUNPATH_SEARCH_PATHS[sdk=macosx*]" = "@executable_path/../Frameworks";
				MACOSX_DEPLOYMENT_TARGET = 14.0;
				MARKETING_VERSION = 1.0;
				PRODUCT_BUNDLE_IDENTIFIER = com.jasonkoehn.NWSWeather;
				PRODUCT_NAME = "$(TARGET_NAME)";
				SDKROOT = auto;
				SUPPORTED_PLATFORMS = "iphoneos iphonesimulator";
				SUPPORTS_MACCATALYST = NO;
				SUPPORTS_MAC_DESIGNED_FOR_IPHONE_IPAD = YES;
				SWIFT_EMIT_LOC_STRINGS = YES;
				SWIFT_VERSION = 5.0;
				TARGETED_DEVICE_FAMILY = "1,2";
			};
			name = Debug;
		};
		877F15CC2AB381FB00B3AFC2 /* Release */ = {
			isa = XCBuildConfiguration;
			buildSettings = {
				ASSETCATALOG_COMPILER_APPICON_NAME = AppIcon;
				ASSETCATALOG_COMPILER_GLOBAL_ACCENT_COLOR_NAME = AccentColor;
				CODE_SIGN_ENTITLEMENTS = NWSWeather/NWSWeather.entitlements;
				CODE_SIGN_STYLE = Automatic;
				CURRENT_PROJECT_VERSION = 1;
				DEVELOPMENT_ASSET_PATHS = "\"NWSWeather/Preview Content\"";
				DEVELOPMENT_TEAM = 33MAXP8MNQ;
				ENABLE_HARDENED_RUNTIME = YES;
				ENABLE_PREVIEWS = YES;
				GENERATE_INFOPLIST_FILE = YES;
				INFOPLIST_KEY_NSLocationWhenInUseUsageDescription = "To get the weather for your location.";
				"INFOPLIST_KEY_UIApplicationSceneManifest_Generation[sdk=iphoneos*]" = YES;
				"INFOPLIST_KEY_UIApplicationSceneManifest_Generation[sdk=iphonesimulator*]" = YES;
				"INFOPLIST_KEY_UIApplicationSupportsIndirectInputEvents[sdk=iphoneos*]" = YES;
				"INFOPLIST_KEY_UIApplicationSupportsIndirectInputEvents[sdk=iphonesimulator*]" = YES;
				"INFOPLIST_KEY_UILaunchScreen_Generation[sdk=iphoneos*]" = YES;
				"INFOPLIST_KEY_UILaunchScreen_Generation[sdk=iphonesimulator*]" = YES;
				"INFOPLIST_KEY_UIStatusBarStyle[sdk=iphoneos*]" = UIStatusBarStyleDefault;
				"INFOPLIST_KEY_UIStatusBarStyle[sdk=iphonesimulator*]" = UIStatusBarStyleDefault;
				INFOPLIST_KEY_UISupportedInterfaceOrientations_iPad = "UIInterfaceOrientationPortrait UIInterfaceOrientationPortraitUpsideDown UIInterfaceOrientationLandscapeLeft UIInterfaceOrientationLandscapeRight";
				INFOPLIST_KEY_UISupportedInterfaceOrientations_iPhone = "UIInterfaceOrientationPortrait UIInterfaceOrientationLandscapeLeft UIInterfaceOrientationLandscapeRight";
				IPHONEOS_DEPLOYMENT_TARGET = 17.0;
				LD_RUNPATH_SEARCH_PATHS = "@executable_path/Frameworks";
				"LD_RUNPATH_SEARCH_PATHS[sdk=macosx*]" = "@executable_path/../Frameworks";
				MACOSX_DEPLOYMENT_TARGET = 14.0;
				MARKETING_VERSION = 1.0;
				PRODUCT_BUNDLE_IDENTIFIER = com.jasonkoehn.NWSWeather;
				PRODUCT_NAME = "$(TARGET_NAME)";
				SDKROOT = auto;
				SUPPORTED_PLATFORMS = "iphoneos iphonesimulator";
				SUPPORTS_MACCATALYST = NO;
				SUPPORTS_MAC_DESIGNED_FOR_IPHONE_IPAD = YES;
				SWIFT_EMIT_LOC_STRINGS = YES;
				SWIFT_VERSION = 5.0;
				TARGETED_DEVICE_FAMILY = "1,2";
			};
			name = Release;
		};
/* End XCBuildConfiguration section */

/* Begin XCConfigurationList section */
		877F15B62AB381FA00B3AFC2 /* Build configuration list for PBXProject "NWSWeather" */ = {
			isa = XCConfigurationList;
			buildConfigurations = (
				877F15C82AB381FB00B3AFC2 /* Debug */,
				877F15C92AB381FB00B3AFC2 /* Release */,
			);
			defaultConfigurationIsVisible = 0;
			defaultConfigurationName = Release;
		};
		877F15CA2AB381FB00B3AFC2 /* Build configuration list for PBXNativeTarget "NWSWeather" */ = {
			isa = XCConfigurationList;
			buildConfigurations = (
				877F15CB2AB381FB00B3AFC2 /* Debug */,
				877F15CC2AB381FB00B3AFC2 /* Release */,
			);
			defaultConfigurationIsVisible = 0;
			defaultConfigurationName = Release;
		};
/* End XCConfigurationList section */
	};
	rootObject = 877F15B32AB381FA00B3AFC2 /* Project object */;
}
